// !$*UTF8*$!
{
	archiveVersion = 1;
	classes = {
	};
	objectVersion = 46;
	objects = {

/* Begin PBXBuildFile section */
		1B0189851C3C692B0098F00A /* APIClient.m in Sources */ = {isa = PBXBuildFile; fileRef = 1B0189841C3C692B0098F00A /* APIClient.m */; };
		1B0189871C3C77C40098F00A /* city.list.json in Resources */ = {isa = PBXBuildFile; fileRef = 1B0189861C3C77C40098F00A /* city.list.json */; };
		1B01898A1C3DBC960098F00A /* selectedCitiesModel.xcdatamodeld in Sources */ = {isa = PBXBuildFile; fileRef = 1B0189881C3DBC960098F00A /* selectedCitiesModel.xcdatamodeld */; };
		1B0189931C3DCAED0098F00A /* WeatherAppDataStore.m in Sources */ = {isa = PBXBuildFile; fileRef = 1B0189921C3DCAED0098F00A /* WeatherAppDataStore.m */; };
		1B0CBDFE1C3C53D60000DEC1 /* main.m in Sources */ = {isa = PBXBuildFile; fileRef = 1B0CBDFD1C3C53D60000DEC1 /* main.m */; };
		1B0CBE011C3C53D60000DEC1 /* AppDelegate.m in Sources */ = {isa = PBXBuildFile; fileRef = 1B0CBE001C3C53D60000DEC1 /* AppDelegate.m */; };
		1B0CBE071C3C53D60000DEC1 /* Main.storyboard in Resources */ = {isa = PBXBuildFile; fileRef = 1B0CBE051C3C53D60000DEC1 /* Main.storyboard */; };
		1B0CBE091C3C53D60000DEC1 /* Assets.xcassets in Resources */ = {isa = PBXBuildFile; fileRef = 1B0CBE081C3C53D60000DEC1 /* Assets.xcassets */; };
		1B0CBE0C1C3C53D60000DEC1 /* LaunchScreen.storyboard in Resources */ = {isa = PBXBuildFile; fileRef = 1B0CBE0A1C3C53D60000DEC1 /* LaunchScreen.storyboard */; };
		1B0CBE171C3C53D60000DEC1 /* Weather_AppTests.m in Sources */ = {isa = PBXBuildFile; fileRef = 1B0CBE161C3C53D60000DEC1 /* Weather_AppTests.m */; };
		1B0CBE221C3C53D60000DEC1 /* Weather_AppUITests.m in Sources */ = {isa = PBXBuildFile; fileRef = 1B0CBE211C3C53D60000DEC1 /* Weather_AppUITests.m */; };
		1B0CBE311C3C56CF0000DEC1 /* WeatherAppTableViewController.m in Sources */ = {isa = PBXBuildFile; fileRef = 1B0CBE301C3C56CF0000DEC1 /* WeatherAppTableViewController.m */; };
		1B0CBE341C3C57FA0000DEC1 /* AddCityViewController.m in Sources */ = {isa = PBXBuildFile; fileRef = 1B0CBE331C3C57FA0000DEC1 /* AddCityViewController.m */; };
		1B1460A81CA24C5A00EA6C54 /* CurrentCityWeather.m in Sources */ = {isa = PBXBuildFile; fileRef = 1B1460A71CA24C5A00EA6C54 /* CurrentCityWeather.m */; };
		1B1C86BF1C4D9CBC003DB72F /* NotificationCenter.framework in Frameworks */ = {isa = PBXBuildFile; fileRef = 1B1C86BE1C4D9CBC003DB72F /* NotificationCenter.framework */; };
		1B1C86C31C4D9CBC003DB72F /* TodayViewController.m in Sources */ = {isa = PBXBuildFile; fileRef = 1B1C86C21C4D9CBC003DB72F /* TodayViewController.m */; };
		1B1C86C61C4D9CBC003DB72F /* MainInterface.storyboard in Resources */ = {isa = PBXBuildFile; fileRef = 1B1C86C41C4D9CBC003DB72F /* MainInterface.storyboard */; };
		1B1C86CA1C4D9CBC003DB72F /* WeatherAppTodayExtension.appex in Embed App Extensions */ = {isa = PBXBuildFile; fileRef = 1B1C86BC1C4D9CBC003DB72F /* WeatherAppTodayExtension.appex */; settings = {ATTRIBUTES = (RemoveHeadersOnCopy, ); }; };
		1B2C16201C7CEDDD0057C6C3 /* SnowSceneKitParticleSystem.scnp in Resources */ = {isa = PBXBuildFile; fileRef = 1B2C161E1C7CEDDD0057C6C3 /* SnowSceneKitParticleSystem.scnp */; };
		1B44CB721C4477FE0057E942 /* SelectCityMapViewController.m in Sources */ = {isa = PBXBuildFile; fileRef = 1B44CB711C4477FE0057E942 /* SelectCityMapViewController.m */; };
		1B4AA4321C513CC10085B3B3 /* UserCurrentLocation.m in Sources */ = {isa = PBXBuildFile; fileRef = 1B4AA4311C513CC10085B3B3 /* UserCurrentLocation.m */; };
		1B6195BF1C7BC65800A6AE3A /* RainSceneKitParticleSystem.scnp in Resources */ = {isa = PBXBuildFile; fileRef = 1B6195BD1C7BC65800A6AE3A /* RainSceneKitParticleSystem.scnp */; };
		1B6195C01C7BC65800A6AE3A /* spark.png in Resources */ = {isa = PBXBuildFile; fileRef = 1B6195BE1C7BC65800A6AE3A /* spark.png */; };
		1B7240081C987BF000E9BBD5 /* SelectedCity+CoreDataProperties.m in Sources */ = {isa = PBXBuildFile; fileRef = 1B7240071C987BF000E9BBD5 /* SelectedCity+CoreDataProperties.m */; };
		1B9213041CA32884008A871C /* SearchViewController.m in Sources */ = {isa = PBXBuildFile; fileRef = 1B9213031CA32884008A871C /* SearchViewController.m */; };
		1BA29D191CA485CA00302054 /* WeatherStyleKit.m in Sources */ = {isa = PBXBuildFile; fileRef = 1BA29D181CA485CA00302054 /* WeatherStyleKit.m */; };
		1BA2EC971C88B211008E5AC2 /* SelectedCity.m in Sources */ = {isa = PBXBuildFile; fileRef = 1BA2EC951C88B211008E5AC2 /* SelectedCity.m */; };
		1BB5B0E81C516C3500905932 /* CoreLocation.framework in Frameworks */ = {isa = PBXBuildFile; fileRef = 1BB5B0E71C516C3500905932 /* CoreLocation.framework */; };
		1BB5B0E91C516C3F00905932 /* MapKit.framework in Frameworks */ = {isa = PBXBuildFile; fileRef = 1BED392B1C456837004B3732 /* MapKit.framework */; };
		1BB5B0EC1C51D35400905932 /* ExtensionAPIClient.m in Sources */ = {isa = PBXBuildFile; fileRef = 1BB5B0EB1C51D35400905932 /* ExtensionAPIClient.m */; };
		1BD665C01C7BB381003D755F /* SceneKit.framework in Frameworks */ = {isa = PBXBuildFile; fileRef = 1BD665BF1C7BB381003D755F /* SceneKit.framework */; };
		1BED392C1C456837004B3732 /* MapKit.framework in Frameworks */ = {isa = PBXBuildFile; fileRef = 1BED392B1C456837004B3732 /* MapKit.framework */; };
		1BED392F1C456B55004B3732 /* PossibleCity.m in Sources */ = {isa = PBXBuildFile; fileRef = 1BED392E1C456B55004B3732 /* PossibleCity.m */; };
		1BED39321C46C8C8004B3732 /* DetailWeatherViewController.m in Sources */ = {isa = PBXBuildFile; fileRef = 1BED39311C46C8C8004B3732 /* DetailWeatherViewController.m */; };
/* End PBXBuildFile section */

/* Begin PBXContainerItemProxy section */
		1B0CBE131C3C53D60000DEC1 /* PBXContainerItemProxy */ = {
			isa = PBXContainerItemProxy;
			containerPortal = 1B0CBDF11C3C53D50000DEC1 /* Project object */;
			proxyType = 1;
			remoteGlobalIDString = 1B0CBDF81C3C53D50000DEC1;
			remoteInfo = "Weather App";
		};
		1B0CBE1E1C3C53D60000DEC1 /* PBXContainerItemProxy */ = {
			isa = PBXContainerItemProxy;
			containerPortal = 1B0CBDF11C3C53D50000DEC1 /* Project object */;
			proxyType = 1;
			remoteGlobalIDString = 1B0CBDF81C3C53D50000DEC1;
			remoteInfo = "Weather App";
		};
		1B1C86C81C4D9CBC003DB72F /* PBXContainerItemProxy */ = {
			isa = PBXContainerItemProxy;
			containerPortal = 1B0CBDF11C3C53D50000DEC1 /* Project object */;
			proxyType = 1;
			remoteGlobalIDString = 1B1C86BB1C4D9CBC003DB72F;
			remoteInfo = WeatherAppTodayExtension;
		};
/* End PBXContainerItemProxy section */

/* Begin PBXCopyFilesBuildPhase section */
		1B1C86CE1C4D9CBC003DB72F /* Embed App Extensions */ = {
			isa = PBXCopyFilesBuildPhase;
			buildActionMask = 2147483647;
			dstPath = "";
			dstSubfolderSpec = 13;
			files = (
				1B1C86CA1C4D9CBC003DB72F /* WeatherAppTodayExtension.appex in Embed App Extensions */,
			);
			name = "Embed App Extensions";
			runOnlyForDeploymentPostprocessing = 0;
		};
/* End PBXCopyFilesBuildPhase section */

/* Begin PBXFileReference section */
		1B0189831C3C692B0098F00A /* APIClient.h */ = {isa = PBXFileReference; fileEncoding = 4; lastKnownFileType = sourcecode.c.h; path = APIClient.h; sourceTree = "<group>"; };
		1B0189841C3C692B0098F00A /* APIClient.m */ = {isa = PBXFileReference; fileEncoding = 4; lastKnownFileType = sourcecode.c.objc; path = APIClient.m; sourceTree = "<group>"; };
		1B0189861C3C77C40098F00A /* city.list.json */ = {isa = PBXFileReference; fileEncoding = 4; lastKnownFileType = text.json; path = city.list.json; sourceTree = "<group>"; };
		1B0189891C3DBC960098F00A /* selectedCitiesModel.xcdatamodel */ = {isa = PBXFileReference; lastKnownFileType = wrapper.xcdatamodel; path = selectedCitiesModel.xcdatamodel; sourceTree = "<group>"; };
		1B0189911C3DCAED0098F00A /* WeatherAppDataStore.h */ = {isa = PBXFileReference; fileEncoding = 4; lastKnownFileType = sourcecode.c.h; name = WeatherAppDataStore.h; path = ../WeatherAppDataStore.h; sourceTree = "<group>"; };
		1B0189921C3DCAED0098F00A /* WeatherAppDataStore.m */ = {isa = PBXFileReference; fileEncoding = 4; lastKnownFileType = sourcecode.c.objc; name = WeatherAppDataStore.m; path = ../WeatherAppDataStore.m; sourceTree = "<group>"; };
		1B0CBDF91C3C53D60000DEC1 /* Weather App.app */ = {isa = PBXFileReference; explicitFileType = wrapper.application; includeInIndex = 0; path = "Weather App.app"; sourceTree = BUILT_PRODUCTS_DIR; };
		1B0CBDFD1C3C53D60000DEC1 /* main.m */ = {isa = PBXFileReference; lastKnownFileType = sourcecode.c.objc; path = main.m; sourceTree = "<group>"; };
		1B0CBDFF1C3C53D60000DEC1 /* AppDelegate.h */ = {isa = PBXFileReference; lastKnownFileType = sourcecode.c.h; path = AppDelegate.h; sourceTree = "<group>"; };
		1B0CBE001C3C53D60000DEC1 /* AppDelegate.m */ = {isa = PBXFileReference; lastKnownFileType = sourcecode.c.objc; path = AppDelegate.m; sourceTree = "<group>"; };
		1B0CBE061C3C53D60000DEC1 /* Base */ = {isa = PBXFileReference; lastKnownFileType = file.storyboard; name = Base; path = Base.lproj/Main.storyboard; sourceTree = "<group>"; };
		1B0CBE081C3C53D60000DEC1 /* Assets.xcassets */ = {isa = PBXFileReference; lastKnownFileType = folder.assetcatalog; path = Assets.xcassets; sourceTree = "<group>"; };
		1B0CBE0B1C3C53D60000DEC1 /* Base */ = {isa = PBXFileReference; lastKnownFileType = file.storyboard; name = Base; path = Base.lproj/LaunchScreen.storyboard; sourceTree = "<group>"; };
		1B0CBE0D1C3C53D60000DEC1 /* Info.plist */ = {isa = PBXFileReference; lastKnownFileType = text.plist.xml; path = Info.plist; sourceTree = "<group>"; };
		1B0CBE121C3C53D60000DEC1 /* Weather AppTests.xctest */ = {isa = PBXFileReference; explicitFileType = wrapper.cfbundle; includeInIndex = 0; path = "Weather AppTests.xctest"; sourceTree = BUILT_PRODUCTS_DIR; };
		1B0CBE161C3C53D60000DEC1 /* Weather_AppTests.m */ = {isa = PBXFileReference; lastKnownFileType = sourcecode.c.objc; path = Weather_AppTests.m; sourceTree = "<group>"; };
		1B0CBE181C3C53D60000DEC1 /* Info.plist */ = {isa = PBXFileReference; lastKnownFileType = text.plist.xml; path = Info.plist; sourceTree = "<group>"; };
		1B0CBE1D1C3C53D60000DEC1 /* Weather AppUITests.xctest */ = {isa = PBXFileReference; explicitFileType = wrapper.cfbundle; includeInIndex = 0; path = "Weather AppUITests.xctest"; sourceTree = BUILT_PRODUCTS_DIR; };
		1B0CBE211C3C53D60000DEC1 /* Weather_AppUITests.m */ = {isa = PBXFileReference; lastKnownFileType = sourcecode.c.objc; path = Weather_AppUITests.m; sourceTree = "<group>"; };
		1B0CBE231C3C53D60000DEC1 /* Info.plist */ = {isa = PBXFileReference; lastKnownFileType = text.plist.xml; path = Info.plist; sourceTree = "<group>"; };
		1B0CBE2F1C3C56CF0000DEC1 /* WeatherAppTableViewController.h */ = {isa = PBXFileReference; fileEncoding = 4; lastKnownFileType = sourcecode.c.h; path = WeatherAppTableViewController.h; sourceTree = "<group>"; };
		1B0CBE301C3C56CF0000DEC1 /* WeatherAppTableViewController.m */ = {isa = PBXFileReference; fileEncoding = 4; lastKnownFileType = sourcecode.c.objc; path = WeatherAppTableViewController.m; sourceTree = "<group>"; };
		1B0CBE321C3C57FA0000DEC1 /* AddCityViewController.h */ = {isa = PBXFileReference; fileEncoding = 4; lastKnownFileType = sourcecode.c.h; path = AddCityViewController.h; sourceTree = "<group>"; };
		1B0CBE331C3C57FA0000DEC1 /* AddCityViewController.m */ = {isa = PBXFileReference; fileEncoding = 4; lastKnownFileType = sourcecode.c.objc; path = AddCityViewController.m; sourceTree = "<group>"; };
		1B1460A61CA24C5A00EA6C54 /* CurrentCityWeather.h */ = {isa = PBXFileReference; fileEncoding = 4; lastKnownFileType = sourcecode.c.h; name = CurrentCityWeather.h; path = "../Weather App/CurrentCityWeather.h"; sourceTree = "<group>"; };
		1B1460A71CA24C5A00EA6C54 /* CurrentCityWeather.m */ = {isa = PBXFileReference; fileEncoding = 4; lastKnownFileType = sourcecode.c.objc; name = CurrentCityWeather.m; path = "../Weather App/CurrentCityWeather.m"; sourceTree = "<group>"; };
		1B1C86BC1C4D9CBC003DB72F /* WeatherAppTodayExtension.appex */ = {isa = PBXFileReference; explicitFileType = "wrapper.app-extension"; includeInIndex = 0; path = WeatherAppTodayExtension.appex; sourceTree = BUILT_PRODUCTS_DIR; };
		1B1C86BE1C4D9CBC003DB72F /* NotificationCenter.framework */ = {isa = PBXFileReference; lastKnownFileType = wrapper.framework; name = NotificationCenter.framework; path = System/Library/Frameworks/NotificationCenter.framework; sourceTree = SDKROOT; };
		1B1C86C11C4D9CBC003DB72F /* TodayViewController.h */ = {isa = PBXFileReference; lastKnownFileType = sourcecode.c.h; path = TodayViewController.h; sourceTree = "<group>"; };
		1B1C86C21C4D9CBC003DB72F /* TodayViewController.m */ = {isa = PBXFileReference; lastKnownFileType = sourcecode.c.objc; path = TodayViewController.m; sourceTree = "<group>"; };
		1B1C86C51C4D9CBC003DB72F /* Base */ = {isa = PBXFileReference; lastKnownFileType = file.storyboard; name = Base; path = Base.lproj/MainInterface.storyboard; sourceTree = "<group>"; };
		1B1C86C71C4D9CBC003DB72F /* Info.plist */ = {isa = PBXFileReference; lastKnownFileType = text.plist.xml; path = Info.plist; sourceTree = "<group>"; };
		1B2C161E1C7CEDDD0057C6C3 /* SnowSceneKitParticleSystem.scnp */ = {isa = PBXFileReference; lastKnownFileType = file.scp; name = SnowSceneKitParticleSystem.scnp; path = ../SnowSceneKitParticleSystem.scnp; sourceTree = "<group>"; };
		1B44CB701C4477FE0057E942 /* SelectCityMapViewController.h */ = {isa = PBXFileReference; fileEncoding = 4; lastKnownFileType = sourcecode.c.h; name = SelectCityMapViewController.h; path = ../SelectCityMapViewController.h; sourceTree = "<group>"; };
		1B44CB711C4477FE0057E942 /* SelectCityMapViewController.m */ = {isa = PBXFileReference; fileEncoding = 4; lastKnownFileType = sourcecode.c.objc; name = SelectCityMapViewController.m; path = ../SelectCityMapViewController.m; sourceTree = "<group>"; };
		1B4AA42E1C513AF20085B3B3 /* Weather App.entitlements */ = {isa = PBXFileReference; lastKnownFileType = text.xml; path = "Weather App.entitlements"; sourceTree = "<group>"; };
		1B4AA42F1C513BD00085B3B3 /* WeatherAppTodayExtension.entitlements */ = {isa = PBXFileReference; lastKnownFileType = text.xml; path = WeatherAppTodayExtension.entitlements; sourceTree = "<group>"; };
		1B4AA4301C513CC10085B3B3 /* UserCurrentLocation.h */ = {isa = PBXFileReference; fileEncoding = 4; lastKnownFileType = sourcecode.c.h; path = UserCurrentLocation.h; sourceTree = "<group>"; };
		1B4AA4311C513CC10085B3B3 /* UserCurrentLocation.m */ = {isa = PBXFileReference; fileEncoding = 4; lastKnownFileType = sourcecode.c.objc; path = UserCurrentLocation.m; sourceTree = "<group>"; };
		1B6195BD1C7BC65800A6AE3A /* RainSceneKitParticleSystem.scnp */ = {isa = PBXFileReference; lastKnownFileType = file.scp; path = RainSceneKitParticleSystem.scnp; sourceTree = "<group>"; };
		1B6195BE1C7BC65800A6AE3A /* spark.png */ = {isa = PBXFileReference; lastKnownFileType = image.png; path = spark.png; sourceTree = "<group>"; };
		1B7240061C987BF000E9BBD5 /* SelectedCity+CoreDataProperties.h */ = {isa = PBXFileReference; fileEncoding = 4; lastKnownFileType = sourcecode.c.h; name = "SelectedCity+CoreDataProperties.h"; path = "../SelectedCity+CoreDataProperties.h"; sourceTree = "<group>"; };
		1B7240071C987BF000E9BBD5 /* SelectedCity+CoreDataProperties.m */ = {isa = PBXFileReference; fileEncoding = 4; lastKnownFileType = sourcecode.c.objc; name = "SelectedCity+CoreDataProperties.m"; path = "../SelectedCity+CoreDataProperties.m"; sourceTree = "<group>"; };
		1B9213021CA32884008A871C /* SearchViewController.h */ = {isa = PBXFileReference; fileEncoding = 4; lastKnownFileType = sourcecode.c.h; path = SearchViewController.h; sourceTree = "<group>"; };
		1B9213031CA32884008A871C /* SearchViewController.m */ = {isa = PBXFileReference; fileEncoding = 4; lastKnownFileType = sourcecode.c.objc; path = SearchViewController.m; sourceTree = "<group>"; };
		1BA29D171CA485CA00302054 /* WeatherStyleKit.h */ = {isa = PBXFileReference; fileEncoding = 4; lastKnownFileType = sourcecode.c.h; name = WeatherStyleKit.h; path = "Weather App/WeatherStyleKit.h"; sourceTree = "<group>"; };
		1BA29D181CA485CA00302054 /* WeatherStyleKit.m */ = {isa = PBXFileReference; fileEncoding = 4; lastKnownFileType = sourcecode.c.objc; name = WeatherStyleKit.m; path = "Weather App/WeatherStyleKit.m"; sourceTree = "<group>"; };
		1BA2EC941C88B211008E5AC2 /* SelectedCity.h */ = {isa = PBXFileReference; fileEncoding = 4; lastKnownFileType = sourcecode.c.h; name = SelectedCity.h; path = ../SelectedCity.h; sourceTree = "<group>"; };
		1BA2EC951C88B211008E5AC2 /* SelectedCity.m */ = {isa = PBXFileReference; fileEncoding = 4; lastKnownFileType = sourcecode.c.objc; name = SelectedCity.m; path = ../SelectedCity.m; sourceTree = "<group>"; };
		1BB5B0E71C516C3500905932 /* CoreLocation.framework */ = {isa = PBXFileReference; lastKnownFileType = wrapper.framework; name = CoreLocation.framework; path = System/Library/Frameworks/CoreLocation.framework; sourceTree = SDKROOT; };
		1BB5B0EA1C51D35400905932 /* ExtensionAPIClient.h */ = {isa = PBXFileReference; fileEncoding = 4; lastKnownFileType = sourcecode.c.h; path = ExtensionAPIClient.h; sourceTree = "<group>"; };
		1BB5B0EB1C51D35400905932 /* ExtensionAPIClient.m */ = {isa = PBXFileReference; fileEncoding = 4; lastKnownFileType = sourcecode.c.objc; path = ExtensionAPIClient.m; sourceTree = "<group>"; };
		1BC25ADD1C6BB16A0001D2DC /* QuartzCore.framework */ = {isa = PBXFileReference; lastKnownFileType = wrapper.framework; name = QuartzCore.framework; path = System/Library/Frameworks/QuartzCore.framework; sourceTree = SDKROOT; };
		1BD665BF1C7BB381003D755F /* SceneKit.framework */ = {isa = PBXFileReference; lastKnownFileType = wrapper.framework; name = SceneKit.framework; path = System/Library/Frameworks/SceneKit.framework; sourceTree = SDKROOT; };
		1BED392B1C456837004B3732 /* MapKit.framework */ = {isa = PBXFileReference; lastKnownFileType = wrapper.framework; name = MapKit.framework; path = System/Library/Frameworks/MapKit.framework; sourceTree = SDKROOT; };
		1BED392D1C456B55004B3732 /* PossibleCity.h */ = {isa = PBXFileReference; fileEncoding = 4; lastKnownFileType = sourcecode.c.h; path = PossibleCity.h; sourceTree = "<group>"; };
		1BED392E1C456B55004B3732 /* PossibleCity.m */ = {isa = PBXFileReference; fileEncoding = 4; lastKnownFileType = sourcecode.c.objc; path = PossibleCity.m; sourceTree = "<group>"; };
		1BED39301C46C8C8004B3732 /* DetailWeatherViewController.h */ = {isa = PBXFileReference; fileEncoding = 4; lastKnownFileType = sourcecode.c.h; path = DetailWeatherViewController.h; sourceTree = "<group>"; };
		1BED39311C46C8C8004B3732 /* DetailWeatherViewController.m */ = {isa = PBXFileReference; fileEncoding = 4; lastKnownFileType = sourcecode.c.objc; path = DetailWeatherViewController.m; sourceTree = "<group>"; };
/* End PBXFileReference section */

/* Begin PBXFrameworksBuildPhase section */
		1B0CBDF61C3C53D50000DEC1 /* Frameworks */ = {
			isa = PBXFrameworksBuildPhase;
			buildActionMask = 2147483647;
			files = (
				1BD665C01C7BB381003D755F /* SceneKit.framework in Frameworks */,
				1BED392C1C456837004B3732 /* MapKit.framework in Frameworks */,
			);
			runOnlyForDeploymentPostprocessing = 0;
		};
		1B0CBE0F1C3C53D60000DEC1 /* Frameworks */ = {
			isa = PBXFrameworksBuildPhase;
			buildActionMask = 2147483647;
			files = (
			);
			runOnlyForDeploymentPostprocessing = 0;
		};
		1B0CBE1A1C3C53D60000DEC1 /* Frameworks */ = {
			isa = PBXFrameworksBuildPhase;
			buildActionMask = 2147483647;
			files = (
			);
			runOnlyForDeploymentPostprocessing = 0;
		};
		1B1C86B91C4D9CBC003DB72F /* Frameworks */ = {
			isa = PBXFrameworksBuildPhase;
			buildActionMask = 2147483647;
			files = (
				1BB5B0E91C516C3F00905932 /* MapKit.framework in Frameworks */,
				1BB5B0E81C516C3500905932 /* CoreLocation.framework in Frameworks */,
				1B1C86BF1C4D9CBC003DB72F /* NotificationCenter.framework in Frameworks */,
			);
			runOnlyForDeploymentPostprocessing = 0;
		};
/* End PBXFrameworksBuildPhase section */

/* Begin PBXGroup section */
		1B0CBDF01C3C53D50000DEC1 = {
			isa = PBXGroup;
			children = (
				1BA29D171CA485CA00302054 /* WeatherStyleKit.h */,
				1BA29D181CA485CA00302054 /* WeatherStyleKit.m */,
				1B0CBDFB1C3C53D60000DEC1 /* Weather App */,
				1B0CBE151C3C53D60000DEC1 /* Weather AppTests */,
				1B0CBE201C3C53D60000DEC1 /* Weather AppUITests */,
				1B1C86C01C4D9CBC003DB72F /* WeatherAppTodayExtension */,
				1B1C86BD1C4D9CBC003DB72F /* Frameworks */,
				1B0CBDFA1C3C53D60000DEC1 /* Products */,
				1BED392B1C456837004B3732 /* MapKit.framework */,
			);
			sourceTree = "<group>";
		};
		1B0CBDFA1C3C53D60000DEC1 /* Products */ = {
			isa = PBXGroup;
			children = (
				1B0CBDF91C3C53D60000DEC1 /* Weather App.app */,
				1B0CBE121C3C53D60000DEC1 /* Weather AppTests.xctest */,
				1B0CBE1D1C3C53D60000DEC1 /* Weather AppUITests.xctest */,
				1B1C86BC1C4D9CBC003DB72F /* WeatherAppTodayExtension.appex */,
			);
			name = Products;
			sourceTree = "<group>";
		};
		1B0CBDFB1C3C53D60000DEC1 /* Weather App */ = {
			isa = PBXGroup;
			children = (
				1B2C161E1C7CEDDD0057C6C3 /* SnowSceneKitParticleSystem.scnp */,
				1B6195BD1C7BC65800A6AE3A /* RainSceneKitParticleSystem.scnp */,
				1B6195BE1C7BC65800A6AE3A /* spark.png */,
				1B7240061C987BF000E9BBD5 /* SelectedCity+CoreDataProperties.h */,
				1B7240071C987BF000E9BBD5 /* SelectedCity+CoreDataProperties.m */,
				1BA2EC941C88B211008E5AC2 /* SelectedCity.h */,
				1BA2EC951C88B211008E5AC2 /* SelectedCity.m */,
				1B0189881C3DBC960098F00A /* selectedCitiesModel.xcdatamodeld */,
				1B0CBDFF1C3C53D60000DEC1 /* AppDelegate.h */,
				1B0CBE001C3C53D60000DEC1 /* AppDelegate.m */,
				1BED392D1C456B55004B3732 /* PossibleCity.h */,
				1BED392E1C456B55004B3732 /* PossibleCity.m */,
				1B0189831C3C692B0098F00A /* APIClient.h */,
				1B0189841C3C692B0098F00A /* APIClient.m */,
				1B0189911C3DCAED0098F00A /* WeatherAppDataStore.h */,
				1B0189921C3DCAED0098F00A /* WeatherAppDataStore.m */,
				1B0CBE321C3C57FA0000DEC1 /* AddCityViewController.h */,
				1B0CBE331C3C57FA0000DEC1 /* AddCityViewController.m */,
				1B44CB701C4477FE0057E942 /* SelectCityMapViewController.h */,
				1B44CB711C4477FE0057E942 /* SelectCityMapViewController.m */,
				1B0CBE2F1C3C56CF0000DEC1 /* WeatherAppTableViewController.h */,
				1B0CBE301C3C56CF0000DEC1 /* WeatherAppTableViewController.m */,
				1BED39301C46C8C8004B3732 /* DetailWeatherViewController.h */,
				1BED39311C46C8C8004B3732 /* DetailWeatherViewController.m */,
				1B9213021CA32884008A871C /* SearchViewController.h */,
				1B9213031CA32884008A871C /* SearchViewController.m */,
				1B4AA42E1C513AF20085B3B3 /* Weather App.entitlements */,
				1B0CBE051C3C53D60000DEC1 /* Main.storyboard */,
				1B0CBE0A1C3C53D60000DEC1 /* LaunchScreen.storyboard */,
				1B0CBE081C3C53D60000DEC1 /* Assets.xcassets */,
				1B0189861C3C77C40098F00A /* city.list.json */,
				1B0CBE0D1C3C53D60000DEC1 /* Info.plist */,
				1B0CBDFC1C3C53D60000DEC1 /* Supporting Files */,
			);
			path = "Weather App";
			sourceTree = "<group>";
		};
		1B0CBDFC1C3C53D60000DEC1 /* Supporting Files */ = {
			isa = PBXGroup;
			children = (
				1B0CBDFD1C3C53D60000DEC1 /* main.m */,
			);
			name = "Supporting Files";
			sourceTree = "<group>";
		};
		1B0CBE151C3C53D60000DEC1 /* Weather AppTests */ = {
			isa = PBXGroup;
			children = (
				1B0CBE161C3C53D60000DEC1 /* Weather_AppTests.m */,
				1B0CBE181C3C53D60000DEC1 /* Info.plist */,
			);
			path = "Weather AppTests";
			sourceTree = "<group>";
		};
		1B0CBE201C3C53D60000DEC1 /* Weather AppUITests */ = {
			isa = PBXGroup;
			children = (
				1B0CBE211C3C53D60000DEC1 /* Weather_AppUITests.m */,
				1B0CBE231C3C53D60000DEC1 /* Info.plist */,
			);
			path = "Weather AppUITests";
			sourceTree = "<group>";
		};
		1B1C86BD1C4D9CBC003DB72F /* Frameworks */ = {
			isa = PBXGroup;
			children = (
				1BD665BF1C7BB381003D755F /* SceneKit.framework */,
				1BC25ADD1C6BB16A0001D2DC /* QuartzCore.framework */,
				1BB5B0E71C516C3500905932 /* CoreLocation.framework */,
				1B1C86BE1C4D9CBC003DB72F /* NotificationCenter.framework */,
			);
			name = Frameworks;
			sourceTree = "<group>";
		};
		1B1C86C01C4D9CBC003DB72F /* WeatherAppTodayExtension */ = {
			isa = PBXGroup;
			children = (
				1B4AA42F1C513BD00085B3B3 /* WeatherAppTodayExtension.entitlements */,
				1B1460A61CA24C5A00EA6C54 /* CurrentCityWeather.h */,
				1B1460A71CA24C5A00EA6C54 /* CurrentCityWeather.m */,
				1B1C86C11C4D9CBC003DB72F /* TodayViewController.h */,
				1B1C86C21C4D9CBC003DB72F /* TodayViewController.m */,
				1B4AA4301C513CC10085B3B3 /* UserCurrentLocation.h */,
				1B4AA4311C513CC10085B3B3 /* UserCurrentLocation.m */,
				1BB5B0EA1C51D35400905932 /* ExtensionAPIClient.h */,
				1BB5B0EB1C51D35400905932 /* ExtensionAPIClient.m */,
				1B1C86C41C4D9CBC003DB72F /* MainInterface.storyboard */,
				1B1C86C71C4D9CBC003DB72F /* Info.plist */,
			);
			path = WeatherAppTodayExtension;
			sourceTree = "<group>";
		};
/* End PBXGroup section */

/* Begin PBXNativeTarget section */
		1B0CBDF81C3C53D50000DEC1 /* Weather App */ = {
			isa = PBXNativeTarget;
			buildConfigurationList = 1B0CBE261C3C53D60000DEC1 /* Build configuration list for PBXNativeTarget "Weather App" */;
			buildPhases = (
				1B0CBDF51C3C53D50000DEC1 /* Sources */,
				1B0CBDF61C3C53D50000DEC1 /* Frameworks */,
				1B0CBDF71C3C53D50000DEC1 /* Resources */,
				1B1C86CE1C4D9CBC003DB72F /* Embed App Extensions */,
			);
			buildRules = (
			);
			dependencies = (
				1B1C86C91C4D9CBC003DB72F /* PBXTargetDependency */,
			);
			name = "Weather App";
			productName = "Weather App";
			productReference = 1B0CBDF91C3C53D60000DEC1 /* Weather App.app */;
			productType = "com.apple.product-type.application";
		};
		1B0CBE111C3C53D60000DEC1 /* Weather AppTests */ = {
			isa = PBXNativeTarget;
			buildConfigurationList = 1B0CBE291C3C53D60000DEC1 /* Build configuration list for PBXNativeTarget "Weather AppTests" */;
			buildPhases = (
				1B0CBE0E1C3C53D60000DEC1 /* Sources */,
				1B0CBE0F1C3C53D60000DEC1 /* Frameworks */,
				1B0CBE101C3C53D60000DEC1 /* Resources */,
			);
			buildRules = (
			);
			dependencies = (
				1B0CBE141C3C53D60000DEC1 /* PBXTargetDependency */,
			);
			name = "Weather AppTests";
			productName = "Weather AppTests";
			productReference = 1B0CBE121C3C53D60000DEC1 /* Weather AppTests.xctest */;
			productType = "com.apple.product-type.bundle.unit-test";
		};
		1B0CBE1C1C3C53D60000DEC1 /* Weather AppUITests */ = {
			isa = PBXNativeTarget;
			buildConfigurationList = 1B0CBE2C1C3C53D60000DEC1 /* Build configuration list for PBXNativeTarget "Weather AppUITests" */;
			buildPhases = (
				1B0CBE191C3C53D60000DEC1 /* Sources */,
				1B0CBE1A1C3C53D60000DEC1 /* Frameworks */,
				1B0CBE1B1C3C53D60000DEC1 /* Resources */,
			);
			buildRules = (
			);
			dependencies = (
				1B0CBE1F1C3C53D60000DEC1 /* PBXTargetDependency */,
			);
			name = "Weather AppUITests";
			productName = "Weather AppUITests";
			productReference = 1B0CBE1D1C3C53D60000DEC1 /* Weather AppUITests.xctest */;
			productType = "com.apple.product-type.bundle.ui-testing";
		};
		1B1C86BB1C4D9CBC003DB72F /* WeatherAppTodayExtension */ = {
			isa = PBXNativeTarget;
			buildConfigurationList = 1B1C86CD1C4D9CBC003DB72F /* Build configuration list for PBXNativeTarget "WeatherAppTodayExtension" */;
			buildPhases = (
				1B1C86B81C4D9CBC003DB72F /* Sources */,
				1B1C86B91C4D9CBC003DB72F /* Frameworks */,
				1B1C86BA1C4D9CBC003DB72F /* Resources */,
			);
			buildRules = (
			);
			dependencies = (
			);
			name = WeatherAppTodayExtension;
			productName = WeatherAppTodayExtension;
			productReference = 1B1C86BC1C4D9CBC003DB72F /* WeatherAppTodayExtension.appex */;
			productType = "com.apple.product-type.app-extension";
		};
/* End PBXNativeTarget section */

/* Begin PBXProject section */
		1B0CBDF11C3C53D50000DEC1 /* Project object */ = {
			isa = PBXProject;
			attributes = {
				LastUpgradeCheck = 0720;
				ORGANIZATIONNAME = "RYAN ROSELLO";
				TargetAttributes = {
					1B0CBDF81C3C53D50000DEC1 = {
						CreatedOnToolsVersion = 7.2;
						DevelopmentTeam = F65NY3FY34;
						SystemCapabilities = {
							com.apple.ApplicationGroups.iOS = {
								enabled = 1;
							};
							com.apple.Keychain = {
								enabled = 0;
							};
						};
					};
					1B0CBE111C3C53D60000DEC1 = {
						CreatedOnToolsVersion = 7.2;
						TestTargetID = 1B0CBDF81C3C53D50000DEC1;
					};
					1B0CBE1C1C3C53D60000DEC1 = {
						CreatedOnToolsVersion = 7.2;
						TestTargetID = 1B0CBDF81C3C53D50000DEC1;
					};
					1B1C86BB1C4D9CBC003DB72F = {
						CreatedOnToolsVersion = 7.2;
						DevelopmentTeam = F65NY3FY34;
						SystemCapabilities = {
							com.apple.ApplicationGroups.iOS = {
								enabled = 1;
							};
							com.apple.Keychain = {
								enabled = 0;
							};
						};
					};
				};
			};
			buildConfigurationList = 1B0CBDF41C3C53D50000DEC1 /* Build configuration list for PBXProject "Weather App" */;
			compatibilityVersion = "Xcode 3.2";
			developmentRegion = English;
			hasScannedForEncodings = 0;
			knownRegions = (
				en,
				Base,
			);
			mainGroup = 1B0CBDF01C3C53D50000DEC1;
			productRefGroup = 1B0CBDFA1C3C53D60000DEC1 /* Products */;
			projectDirPath = "";
			projectRoot = "";
			targets = (
				1B0CBDF81C3C53D50000DEC1 /* Weather App */,
				1B0CBE111C3C53D60000DEC1 /* Weather AppTests */,
				1B0CBE1C1C3C53D60000DEC1 /* Weather AppUITests */,
				1B1C86BB1C4D9CBC003DB72F /* WeatherAppTodayExtension */,
			);
		};
/* End PBXProject section */

/* Begin PBXResourcesBuildPhase section */
		1B0CBDF71C3C53D50000DEC1 /* Resources */ = {
			isa = PBXResourcesBuildPhase;
			buildActionMask = 2147483647;
			files = (
				1B2C16201C7CEDDD0057C6C3 /* SnowSceneKitParticleSystem.scnp in Resources */,
				1B0CBE0C1C3C53D60000DEC1 /* LaunchScreen.storyboard in Resources */,
				1B6195C01C7BC65800A6AE3A /* spark.png in Resources */,
				1B0189871C3C77C40098F00A /* city.list.json in Resources */,
				1B6195BF1C7BC65800A6AE3A /* RainSceneKitParticleSystem.scnp in Resources */,
				1B0CBE091C3C53D60000DEC1 /* Assets.xcassets in Resources */,
				1B0CBE071C3C53D60000DEC1 /* Main.storyboard in Resources */,
			);
			runOnlyForDeploymentPostprocessing = 0;
		};
		1B0CBE101C3C53D60000DEC1 /* Resources */ = {
			isa = PBXResourcesBuildPhase;
			buildActionMask = 2147483647;
			files = (
			);
			runOnlyForDeploymentPostprocessing = 0;
		};
		1B0CBE1B1C3C53D60000DEC1 /* Resources */ = {
			isa = PBXResourcesBuildPhase;
			buildActionMask = 2147483647;
			files = (
			);
			runOnlyForDeploymentPostprocessing = 0;
		};
		1B1C86BA1C4D9CBC003DB72F /* Resources */ = {
			isa = PBXResourcesBuildPhase;
			buildActionMask = 2147483647;
			files = (
				1B1C86C61C4D9CBC003DB72F /* MainInterface.storyboard in Resources */,
			);
			runOnlyForDeploymentPostprocessing = 0;
		};
/* End PBXResourcesBuildPhase section */

/* Begin PBXSourcesBuildPhase section */
		1B0CBDF51C3C53D50000DEC1 /* Sources */ = {
			isa = PBXSourcesBuildPhase;
			buildActionMask = 2147483647;
			files = (
				1B0189851C3C692B0098F00A /* APIClient.m in Sources */,
				1BED39321C46C8C8004B3732 /* DetailWeatherViewController.m in Sources */,
				1B0CBE311C3C56CF0000DEC1 /* WeatherAppTableViewController.m in Sources */,
				1BA2EC971C88B211008E5AC2 /* SelectedCity.m in Sources */,
				1B0189931C3DCAED0098F00A /* WeatherAppDataStore.m in Sources */,
				1B44CB721C4477FE0057E942 /* SelectCityMapViewController.m in Sources */,
				1B9213041CA32884008A871C /* SearchViewController.m in Sources */,
				1BA29D191CA485CA00302054 /* WeatherStyleKit.m in Sources */,
				1B0CBE011C3C53D60000DEC1 /* AppDelegate.m in Sources */,
				1BED392F1C456B55004B3732 /* PossibleCity.m in Sources */,
				1B7240081C987BF000E9BBD5 /* SelectedCity+CoreDataProperties.m in Sources */,
				1B0CBDFE1C3C53D60000DEC1 /* main.m in Sources */,
				1B01898A1C3DBC960098F00A /* selectedCitiesModel.xcdatamodeld in Sources */,
				1B0CBE341C3C57FA0000DEC1 /* AddCityViewController.m in Sources */,
			);
			runOnlyForDeploymentPostprocessing = 0;
		};
		1B0CBE0E1C3C53D60000DEC1 /* Sources */ = {
			isa = PBXSourcesBuildPhase;
			buildActionMask = 2147483647;
			files = (
				1B0CBE171C3C53D60000DEC1 /* Weather_AppTests.m in Sources */,
			);
			runOnlyForDeploymentPostprocessing = 0;
		};
		1B0CBE191C3C53D60000DEC1 /* Sources */ = {
			isa = PBXSourcesBuildPhase;
			buildActionMask = 2147483647;
			files = (
				1B0CBE221C3C53D60000DEC1 /* Weather_AppUITests.m in Sources */,
			);
			runOnlyForDeploymentPostprocessing = 0;
		};
		1B1C86B81C4D9CBC003DB72F /* Sources */ = {
			isa = PBXSourcesBuildPhase;
			buildActionMask = 2147483647;
			files = (
				1B1C86C31C4D9CBC003DB72F /* TodayViewController.m in Sources */,
				1B4AA4321C513CC10085B3B3 /* UserCurrentLocation.m in Sources */,
				1BB5B0EC1C51D35400905932 /* ExtensionAPIClient.m in Sources */,
				1B1460A81CA24C5A00EA6C54 /* CurrentCityWeather.m in Sources */,
			);
			runOnlyForDeploymentPostprocessing = 0;
		};
/* End PBXSourcesBuildPhase section */

/* Begin PBXTargetDependency section */
		1B0CBE141C3C53D60000DEC1 /* PBXTargetDependency */ = {
			isa = PBXTargetDependency;
			target = 1B0CBDF81C3C53D50000DEC1 /* Weather App */;
			targetProxy = 1B0CBE131C3C53D60000DEC1 /* PBXContainerItemProxy */;
		};
		1B0CBE1F1C3C53D60000DEC1 /* PBXTargetDependency */ = {
			isa = PBXTargetDependency;
			target = 1B0CBDF81C3C53D50000DEC1 /* Weather App */;
			targetProxy = 1B0CBE1E1C3C53D60000DEC1 /* PBXContainerItemProxy */;
		};
		1B1C86C91C4D9CBC003DB72F /* PBXTargetDependency */ = {
			isa = PBXTargetDependency;
			target = 1B1C86BB1C4D9CBC003DB72F /* WeatherAppTodayExtension */;
			targetProxy = 1B1C86C81C4D9CBC003DB72F /* PBXContainerItemProxy */;
		};
/* End PBXTargetDependency section */

/* Begin PBXVariantGroup section */
		1B0CBE051C3C53D60000DEC1 /* Main.storyboard */ = {
			isa = PBXVariantGroup;
			children = (
				1B0CBE061C3C53D60000DEC1 /* Base */,
			);
			name = Main.storyboard;
			sourceTree = "<group>";
		};
		1B0CBE0A1C3C53D60000DEC1 /* LaunchScreen.storyboard */ = {
			isa = PBXVariantGroup;
			children = (
				1B0CBE0B1C3C53D60000DEC1 /* Base */,
			);
			name = LaunchScreen.storyboard;
			sourceTree = "<group>";
		};
		1B1C86C41C4D9CBC003DB72F /* MainInterface.storyboard */ = {
			isa = PBXVariantGroup;
			children = (
				1B1C86C51C4D9CBC003DB72F /* Base */,
			);
			name = MainInterface.storyboard;
			sourceTree = "<group>";
		};
/* End PBXVariantGroup section */

/* Begin XCBuildConfiguration section */
		1B0CBE241C3C53D60000DEC1 /* Debug */ = {
			isa = XCBuildConfiguration;
			buildSettings = {
				ALWAYS_SEARCH_USER_PATHS = NO;
				CLANG_CXX_LANGUAGE_STANDARD = "gnu++0x";
				CLANG_CXX_LIBRARY = "libc++";
				CLANG_ENABLE_MODULES = YES;
				CLANG_ENABLE_OBJC_ARC = YES;
				CLANG_WARN_BOOL_CONVERSION = YES;
				CLANG_WARN_CONSTANT_CONVERSION = YES;
				CLANG_WARN_DIRECT_OBJC_ISA_USAGE = YES_ERROR;
				CLANG_WARN_EMPTY_BODY = YES;
				CLANG_WARN_ENUM_CONVERSION = YES;
				CLANG_WARN_INT_CONVERSION = YES;
				CLANG_WARN_OBJC_ROOT_CLASS = YES_ERROR;
				CLANG_WARN_UNREACHABLE_CODE = YES;
				CLANG_WARN__DUPLICATE_METHOD_MATCH = YES;
				"CODE_SIGN_IDENTITY[sdk=iphoneos*]" = "iPhone Developer";
				COPY_PHASE_STRIP = NO;
				DEBUG_INFORMATION_FORMAT = dwarf;
				ENABLE_STRICT_OBJC_MSGSEND = YES;
				ENABLE_TESTABILITY = YES;
				GCC_C_LANGUAGE_STANDARD = gnu99;
				GCC_DYNAMIC_NO_PIC = NO;
				GCC_NO_COMMON_BLOCKS = YES;
				GCC_OPTIMIZATION_LEVEL = 0;
				GCC_PREPROCESSOR_DEFINITIONS = (
					"DEBUG=1",
					"$(inherited)",
				);
				GCC_WARN_64_TO_32_BIT_CONVERSION = YES;
				GCC_WARN_ABOUT_RETURN_TYPE = YES_ERROR;
				GCC_WARN_UNDECLARED_SELECTOR = YES;
				GCC_WARN_UNINITIALIZED_AUTOS = YES_AGGRESSIVE;
				GCC_WARN_UNUSED_FUNCTION = YES;
				GCC_WARN_UNUSED_VARIABLE = YES;
				IPHONEOS_DEPLOYMENT_TARGET = 9.2;
				MTL_ENABLE_DEBUG_INFO = YES;
				ONLY_ACTIVE_ARCH = YES;
				SDKROOT = iphoneos;
				TARGETED_DEVICE_FAMILY = "1,2";
			};
			name = Debug;
		};
		1B0CBE251C3C53D60000DEC1 /* Release */ = {
			isa = XCBuildConfiguration;
			buildSettings = {
				ALWAYS_SEARCH_USER_PATHS = NO;
				CLANG_CXX_LANGUAGE_STANDARD = "gnu++0x";
				CLANG_CXX_LIBRARY = "libc++";
				CLANG_ENABLE_MODULES = YES;
				CLANG_ENABLE_OBJC_ARC = YES;
				CLANG_WARN_BOOL_CONVERSION = YES;
				CLANG_WARN_CONSTANT_CONVERSION = YES;
				CLANG_WARN_DIRECT_OBJC_ISA_USAGE = YES_ERROR;
				CLANG_WARN_EMPTY_BODY = YES;
				CLANG_WARN_ENUM_CONVERSION = YES;
				CLANG_WARN_INT_CONVERSION = YES;
				CLANG_WARN_OBJC_ROOT_CLASS = YES_ERROR;
				CLANG_WARN_UNREACHABLE_CODE = YES;
				CLANG_WARN__DUPLICATE_METHOD_MATCH = YES;
				"CODE_SIGN_IDENTITY[sdk=iphoneos*]" = "iPhone Developer";
				COPY_PHASE_STRIP = NO;
				DEBUG_INFORMATION_FORMAT = "dwarf-with-dsym";
				ENABLE_NS_ASSERTIONS = NO;
				ENABLE_STRICT_OBJC_MSGSEND = YES;
				GCC_C_LANGUAGE_STANDARD = gnu99;
				GCC_NO_COMMON_BLOCKS = YES;
				GCC_WARN_64_TO_32_BIT_CONVERSION = YES;
				GCC_WARN_ABOUT_RETURN_TYPE = YES_ERROR;
				GCC_WARN_UNDECLARED_SELECTOR = YES;
				GCC_WARN_UNINITIALIZED_AUTOS = YES_AGGRESSIVE;
				GCC_WARN_UNUSED_FUNCTION = YES;
				GCC_WARN_UNUSED_VARIABLE = YES;
				IPHONEOS_DEPLOYMENT_TARGET = 9.2;
				MTL_ENABLE_DEBUG_INFO = NO;
				SDKROOT = iphoneos;
				TARGETED_DEVICE_FAMILY = "1,2";
				VALIDATE_PRODUCT = YES;
			};
			name = Release;
		};
		1B0CBE271C3C53D60000DEC1 /* Debug */ = {
			isa = XCBuildConfiguration;
			buildSettings = {
				ASSETCATALOG_COMPILER_APPICON_NAME = AppIcon;
				CODE_SIGN_ENTITLEMENTS = "Weather App/Weather App.entitlements";
				CODE_SIGN_IDENTITY = "iPhone Developer";
				"CODE_SIGN_IDENTITY[sdk=iphoneos*]" = "iPhone Developer";
				INFOPLIST_FILE = "Weather App/Info.plist";
				IPHONEOS_DEPLOYMENT_TARGET = 9.2;
				LD_RUNPATH_SEARCH_PATHS = "$(inherited) @executable_path/Frameworks";
				PRODUCT_BUNDLE_IDENTIFIER = "RAR.Weather-App";
				PRODUCT_NAME = "$(TARGET_NAME)";
				PROVISIONING_PROFILE = "";
			};
			name = Debug;
		};
		1B0CBE281C3C53D60000DEC1 /* Release */ = {
			isa = XCBuildConfiguration;
			buildSettings = {
				ASSETCATALOG_COMPILER_APPICON_NAME = AppIcon;
				CODE_SIGN_ENTITLEMENTS = "Weather App/Weather App.entitlements";
				CODE_SIGN_IDENTITY = "iPhone Developer";
				"CODE_SIGN_IDENTITY[sdk=iphoneos*]" = "iPhone Developer";
				INFOPLIST_FILE = "Weather App/Info.plist";
				IPHONEOS_DEPLOYMENT_TARGET = 9.2;
				LD_RUNPATH_SEARCH_PATHS = "$(inherited) @executable_path/Frameworks";
				PRODUCT_BUNDLE_IDENTIFIER = "RAR.Weather-App";
				PRODUCT_NAME = "$(TARGET_NAME)";
				PROVISIONING_PROFILE = "";
			};
			name = Release;
		};
		1B0CBE2A1C3C53D60000DEC1 /* Debug */ = {
			isa = XCBuildConfiguration;
			buildSettings = {
				BUNDLE_LOADER = "$(TEST_HOST)";
				INFOPLIST_FILE = "Weather AppTests/Info.plist";
				LD_RUNPATH_SEARCH_PATHS = "$(inherited) @executable_path/Frameworks @loader_path/Frameworks";
				PRODUCT_BUNDLE_IDENTIFIER = "RAR.Weather-AppTests";
				PRODUCT_NAME = "$(TARGET_NAME)";
				TEST_HOST = "$(BUILT_PRODUCTS_DIR)/Weather App.app/Weather App";
			};
			name = Debug;
		};
		1B0CBE2B1C3C53D60000DEC1 /* Release */ = {
			isa = XCBuildConfiguration;
			buildSettings = {
				BUNDLE_LOADER = "$(TEST_HOST)";
				INFOPLIST_FILE = "Weather AppTests/Info.plist";
				LD_RUNPATH_SEARCH_PATHS = "$(inherited) @executable_path/Frameworks @loader_path/Frameworks";
				PRODUCT_BUNDLE_IDENTIFIER = "RAR.Weather-AppTests";
				PRODUCT_NAME = "$(TARGET_NAME)";
				TEST_HOST = "$(BUILT_PRODUCTS_DIR)/Weather App.app/Weather App";
			};
			name = Release;
		};
		1B0CBE2D1C3C53D60000DEC1 /* Debug */ = {
			isa = XCBuildConfiguration;
			buildSettings = {
				INFOPLIST_FILE = "Weather AppUITests/Info.plist";
				LD_RUNPATH_SEARCH_PATHS = "$(inherited) @executable_path/Frameworks @loader_path/Frameworks";
				PRODUCT_BUNDLE_IDENTIFIER = "RAR.Weather-AppUITests";
				PRODUCT_NAME = "$(TARGET_NAME)";
				TEST_TARGET_NAME = "Weather App";
				USES_XCTRUNNER = YES;
			};
			name = Debug;
		};
		1B0CBE2E1C3C53D60000DEC1 /* Release */ = {
			isa = XCBuildConfiguration;
			buildSettings = {
				INFOPLIST_FILE = "Weather AppUITests/Info.plist";
				LD_RUNPATH_SEARCH_PATHS = "$(inherited) @executable_path/Frameworks @loader_path/Frameworks";
				PRODUCT_BUNDLE_IDENTIFIER = "RAR.Weather-AppUITests";
				PRODUCT_NAME = "$(TARGET_NAME)";
				TEST_TARGET_NAME = "Weather App";
				USES_XCTRUNNER = YES;
			};
			name = Release;
		};
		1B1C86CB1C4D9CBC003DB72F /* Debug */ = {
			isa = XCBuildConfiguration;
			buildSettings = {
				CODE_SIGN_ENTITLEMENTS = WeatherAppTodayExtension/WeatherAppTodayExtension.entitlements;
				CODE_SIGN_IDENTITY = "iPhone Developer";
				"CODE_SIGN_IDENTITY[sdk=iphoneos*]" = "iPhone Developer";
				INFOPLIST_FILE = WeatherAppTodayExtension/Info.plist;
				IPHONEOS_DEPLOYMENT_TARGET = 9.2;
				LD_RUNPATH_SEARCH_PATHS = "$(inherited) @executable_path/Frameworks @executable_path/../../Frameworks";
				PRODUCT_BUNDLE_IDENTIFIER = "RAR.Weather-App.WeatherAppTodayExtension";
				PRODUCT_NAME = "$(TARGET_NAME)";
				PROVISIONING_PROFILE = "";
				SKIP_INSTALL = YES;
			};
			name = Debug;
		};
		1B1C86CC1C4D9CBC003DB72F /* Release */ = {
			isa = XCBuildConfiguration;
			buildSettings = {
				CODE_SIGN_ENTITLEMENTS = WeatherAppTodayExtension/WeatherAppTodayExtension.entitlements;
				CODE_SIGN_IDENTITY = "iPhone Developer";
				"CODE_SIGN_IDENTITY[sdk=iphoneos*]" = "iPhone Developer";
				INFOPLIST_FILE = WeatherAppTodayExtension/Info.plist;
				IPHONEOS_DEPLOYMENT_TARGET = 9.2;
				LD_RUNPATH_SEARCH_PATHS = "$(inherited) @executable_path/Frameworks @executable_path/../../Frameworks";
				PRODUCT_BUNDLE_IDENTIFIER = "RAR.Weather-App.WeatherAppTodayExtension";
				PRODUCT_NAME = "$(TARGET_NAME)";
				PROVISIONING_PROFILE = "";
				SKIP_INSTALL = YES;
			};
			name = Release;
		};
/* End XCBuildConfiguration section */

/* Begin XCConfigurationList section */
		1B0CBDF41C3C53D50000DEC1 /* Build configuration list for PBXProject "Weather App" */ = {
			isa = XCConfigurationList;
			buildConfigurations = (
				1B0CBE241C3C53D60000DEC1 /* Debug */,
				1B0CBE251C3C53D60000DEC1 /* Release */,
			);
			defaultConfigurationIsVisible = 0;
			defaultConfigurationName = Release;
		};
		1B0CBE261C3C53D60000DEC1 /* Build configuration list for PBXNativeTarget "Weather App" */ = {
			isa = XCConfigurationList;
			buildConfigurations = (
				1B0CBE271C3C53D60000DEC1 /* Debug */,
				1B0CBE281C3C53D60000DEC1 /* Release */,
			);
			defaultConfigurationIsVisible = 0;
			defaultConfigurationName = Release;
		};
		1B0CBE291C3C53D60000DEC1 /* Build configuration list for PBXNativeTarget "Weather AppTests" */ = {
			isa = XCConfigurationList;
			buildConfigurations = (
				1B0CBE2A1C3C53D60000DEC1 /* Debug */,
				1B0CBE2B1C3C53D60000DEC1 /* Release */,
			);
			defaultConfigurationIsVisible = 0;
			defaultConfigurationName = Release;
		};
		1B0CBE2C1C3C53D60000DEC1 /* Build configuration list for PBXNativeTarget "Weather AppUITests" */ = {
			isa = XCConfigurationList;
			buildConfigurations = (
				1B0CBE2D1C3C53D60000DEC1 /* Debug */,
				1B0CBE2E1C3C53D60000DEC1 /* Release */,
			);
			defaultConfigurationIsVisible = 0;
			defaultConfigurationName = Release;
		};
		1B1C86CD1C4D9CBC003DB72F /* Build configuration list for PBXNativeTarget "WeatherAppTodayExtension" */ = {
			isa = XCConfigurationList;
			buildConfigurations = (
				1B1C86CB1C4D9CBC003DB72F /* Debug */,
				1B1C86CC1C4D9CBC003DB72F /* Release */,
			);
			defaultConfigurationIsVisible = 0;
			defaultConfigurationName = Release;
		};
/* End XCConfigurationList section */

/* Begin XCVersionGroup section */
		1B0189881C3DBC960098F00A /* selectedCitiesModel.xcdatamodeld */ = {
			isa = XCVersionGroup;
			children = (
				1B0189891C3DBC960098F00A /* selectedCitiesModel.xcdatamodel */,
			);
			currentVersion = 1B0189891C3DBC960098F00A /* selectedCitiesModel.xcdatamodel */;
			path = selectedCitiesModel.xcdatamodeld;
			sourceTree = "<group>";
			versionGroupType = wrapper.xcdatamodel;
		};
/* End XCVersionGroup section */
	};
	rootObject = 1B0CBDF11C3C53D50000DEC1 /* Project object */;
}
